
Microsoft Visual Studio Solution File, Format Version 12.00
# Visual Studio 15
VisualStudioVersion = 15.0.26430.12
MinimumVisualStudioVersion = 10.0.40219.1
Project("{FAE04EC0-301F-11D3-BF4B-00C04F79EFBC}") = "AppTeste.Android", "AppTeste\AppTeste.Android\AppTeste.Android.csproj", "{E8F7D39A-F71E-48A3-A7B4-94B5BCA35C9A}"
EndProject
Project("{FAE04EC0-301F-11D3-BF4B-00C04F79EFBC}") = "AppTeste", "AppTeste\AppTeste\AppTeste.csproj", "{2EA7CFA2-2EE9-496D-9039-01945F18D126}"
EndProject
Project("{FAE04EC0-301F-11D3-BF4B-00C04F79EFBC}") = "AppTeste.iOS", "AppTeste\AppTeste.iOS\AppTeste.iOS.csproj", "{F3AA1C4B-B69F-42E9-9C9B-C4B984A22459}"
EndProject
Global
	GlobalSection(SolutionConfigurationPlatforms) = preSolution
		Ad-Hoc|Any CPU = Ad-Hoc|Any CPU
		Ad-Hoc|iPhone = Ad-Hoc|iPhone
		Ad-Hoc|iPhoneSimulator = Ad-Hoc|iPhoneSimulator
		AppStore|Any CPU = AppStore|Any CPU
		AppStore|iPhone = AppStore|iPhone
		AppStore|iPhoneSimulator = AppStore|iPhoneSimulator
		Debug|Any CPU = Debug|Any CPU
		Debug|iPhone = Debug|iPhone
		Debug|iPhoneSimulator = Debug|iPhoneSimulator
		Release|Any CPU = Release|Any CPU
		Release|iPhone = Release|iPhone
		Release|iPhoneSimulator = Release|iPhoneSimulator
	EndGlobalSection
	GlobalSection(ProjectConfigurationPlatforms) = postSolution
		{E8F7D39A-F71E-48A3-A7B4-94B5BCA35C9A}.Ad-Hoc|Any CPU.ActiveCfg = Release|Any CPU
		{E8F7D39A-F71E-48A3-A7B4-94B5BCA35C9A}.Ad-Hoc|Any CPU.Build.0 = Release|Any CPU
		{E8F7D39A-F71E-48A3-A7B4-94B5BCA35C9A}.Ad-Hoc|Any CPU.Deploy.0 = Release|Any CPU
		{E8F7D39A-F71E-48A3-A7B4-94B5BCA35C9A}.Ad-Hoc|iPhone.ActiveCfg = Release|Any CPU
		{E8F7D39A-F71E-48A3-A7B4-94B5BCA35C9A}.Ad-Hoc|iPhone.Build.0 = Release|Any CPU
		{E8F7D39A-F71E-48A3-A7B4-94B5BCA35C9A}.Ad-Hoc|iPhone.Deploy.0 = Release|Any CPU
		{E8F7D39A-F71E-48A3-A7B4-94B5BCA35C9A}.Ad-Hoc|iPhoneSimulator.ActiveCfg = Release|Any CPU
		{E8F7D39A-F71E-48A3-A7B4-94B5BCA35C9A}.Ad-Hoc|iPhoneSimulator.Build.0 = Release|Any CPU
		{E8F7D39A-F71E-48A3-A7B4-94B5BCA35C9A}.Ad-Hoc|iPhoneSimulator.Deploy.0 = Release|Any CPU
		{E8F7D39A-F71E-48A3-A7B4-94B5BCA35C9A}.AppStore|Any CPU.ActiveCfg = Release|Any CPU
		{E8F7D39A-F71E-48A3-A7B4-94B5BCA35C9A}.AppStore|Any CPU.Build.0 = Release|Any CPU
		{E8F7D39A-F71E-48A3-A7B4-94B5BCA35C9A}.AppStore|Any CPU.Deploy.0 = Release|Any CPU
		{E8F7D39A-F71E-48A3-A7B4-94B5BCA35C9A}.AppStore|iPhone.ActiveCfg = Release|Any CPU
		{E8F7D39A-F71E-48A3-A7B4-94B5BCA35C9A}.AppStore|iPhone.Build.0 = Release|Any CPU
		{E8F7D39A-F71E-48A3-A7B4-94B5BCA35C9A}.AppStore|iPhone.Deploy.0 = Release|Any CPU
		{E8F7D39A-F71E-48A3-A7B4-94B5BCA35C9A}.AppStore|iPhoneSimulator.ActiveCfg = Release|Any CPU
		{E8F7D39A-F71E-48A3-A7B4-94B5BCA35C9A}.AppStore|iPhoneSimulator.Build.0 = Release|Any CPU
		{E8F7D39A-F71E-48A3-A7B4-94B5BCA35C9A}.AppStore|iPhoneSimulator.Deploy.0 = Release|Any CPU
		{E8F7D39A-F71E-48A3-A7B4-94B5BCA35C9A}.Debug|Any CPU.ActiveCfg = Debug|Any CPU
		{E8F7D39A-F71E-48A3-A7B4-94B5BCA35C9A}.Debug|Any CPU.Build.0 = Debug|Any CPU
		{E8F7D39A-F71E-48A3-A7B4-94B5BCA35C9A}.Debug|Any CPU.Deploy.0 = Debug|Any CPU
		{E8F7D39A-F71E-48A3-A7B4-94B5BCA35C9A}.Debug|iPhone.ActiveCfg = Debug|Any CPU
		{E8F7D39A-F71E-48A3-A7B4-94B5BCA35C9A}.Debug|iPhone.Build.0 = Debug|Any CPU
		{E8F7D39A-F71E-48A3-A7B4-94B5BCA35C9A}.Debug|iPhone.Deploy.0 = Debug|Any CPU
		{E8F7D39A-F71E-48A3-A7B4-94B5BCA35C9A}.Debug|iPhoneSimulator.ActiveCfg = Debug|Any CPU
		{E8F7D39A-F71E-48A3-A7B4-94B5BCA35C9A}.Debug|iPhoneSimulator.Build.0 = Debug|Any CPU
		{E8F7D39A-F71E-48A3-A7B4-94B5BCA35C9A}.Debug|iPhoneSimulator.Deploy.0 = Debug|Any CPU
		{E8F7D39A-F71E-48A3-A7B4-94B5BCA35C9A}.Release|Any CPU.ActiveCfg = Release|Any CPU
		{E8F7D39A-F71E-48A3-A7B4-94B5BCA35C9A}.Release|Any CPU.Build.0 = Release|Any CPU
		{E8F7D39A-F71E-48A3-A7B4-94B5BCA35C9A}.Release|Any CPU.Deploy.0 = Release|Any CPU
		{E8F7D39A-F71E-48A3-A7B4-94B5BCA35C9A}.Release|iPhone.ActiveCfg = Release|Any CPU
		{E8F7D39A-F71E-48A3-A7B4-94B5BCA35C9A}.Release|iPhone.Build.0 = Release|Any CPU
		{E8F7D39A-F71E-48A3-A7B4-94B5BCA35C9A}.Release|iPhone.Deploy.0 = Release|Any CPU
		{E8F7D39A-F71E-48A3-A7B4-94B5BCA35C9A}.Release|iPhoneSimulator.ActiveCfg = Release|Any CPU
		{E8F7D39A-F71E-48A3-A7B4-94B5BCA35C9A}.Release|iPhoneSimulator.Build.0 = Release|Any CPU
		{E8F7D39A-F71E-48A3-A7B4-94B5BCA35C9A}.Release|iPhoneSimulator.Deploy.0 = Release|Any CPU
		{2EA7CFA2-2EE9-496D-9039-01945F18D126}.Ad-Hoc|Any CPU.ActiveCfg = Release|Any CPU
		{2EA7CFA2-2EE9-496D-9039-01945F18D126}.Ad-Hoc|Any CPU.Build.0 = Release|Any CPU
		{2EA7CFA2-2EE9-496D-9039-01945F18D126}.Ad-Hoc|iPhone.ActiveCfg = Release|Any CPU
		{2EA7CFA2-2EE9-496D-9039-01945F18D126}.Ad-Hoc|iPhone.Build.0 = Release|Any CPU
		{2EA7CFA2-2EE9-496D-9039-01945F18D126}.Ad-Hoc|iPhoneSimulator.ActiveCfg = Release|Any CPU
		{2EA7CFA2-2EE9-496D-9039-01945F18D126}.Ad-Hoc|iPhoneSimulator.Build.0 = Release|Any CPU
		{2EA7CFA2-2EE9-496D-9039-01945F18D126}.AppStore|Any CPU.ActiveCfg = Release|Any CPU
		{2EA7CFA2-2EE9-496D-9039-01945F18D126}.AppStore|Any CPU.Build.0 = Release|Any CPU
		{2EA7CFA2-2EE9-496D-9039-01945F18D126}.AppStore|iPhone.ActiveCfg = Release|Any CPU
		{2EA7CFA2-2EE9-496D-9039-01945F18D126}.AppStore|iPhone.Build.0 = Release|Any CPU
		{2EA7CFA2-2EE9-496D-9039-01945F18D126}.AppStore|iPhoneSimulator.ActiveCfg = Release|Any CPU
		{2EA7CFA2-2EE9-496D-9039-01945F18D126}.AppStore|iPhoneSimulator.Build.0 = Release|Any CPU
		{2EA7CFA2-2EE9-496D-9039-01945F18D126}.Debug|Any CPU.ActiveCfg = Debug|Any CPU
		{2EA7CFA2-2EE9-496D-9039-01945F18D126}.Debug|Any CPU.Build.0 = Debug|Any CPU
		{2EA7CFA2-2EE9-496D-9039-01945F18D126}.Debug|iPhone.ActiveCfg = Debug|Any CPU
		{2EA7CFA2-2EE9-496D-9039-01945F18D126}.Debug|iPhone.Build.0 = Debug|Any CPU
		{2EA7CFA2-2EE9-496D-9039-01945F18D126}.Debug|iPhoneSimulator.ActiveCfg = Debug|Any CPU
		{2EA7CFA2-2EE9-496D-9039-01945F18D126}.Debug|iPhoneSimulator.Build.0 = Debug|Any CPU
		{2EA7CFA2-2EE9-496D-9039-01945F18D126}.Release|Any CPU.ActiveCfg = Release|Any CPU
		{2EA7CFA2-2EE9-496D-9039-01945F18D126}.Release|Any CPU.Build.0 = Release|Any CPU
		{2EA7CFA2-2EE9-496D-9039-01945F18D126}.Release|iPhone.ActiveCfg = Release|Any CPU
		{2EA7CFA2-2EE9-496D-9039-01945F18D126}.Release|iPhone.Build.0 = Release|Any CPU
		{2EA7CFA2-2EE9-496D-9039-01945F18D126}.Release|iPhoneSimulator.ActiveCfg = Release|Any CPU
		{2EA7CFA2-2EE9-496D-9039-01945F18D126}.Release|iPhoneSimulator.Build.0 = Release|Any CPU
		{F3AA1C4B-B69F-42E9-9C9B-C4B984A22459}.Ad-Hoc|Any CPU.ActiveCfg = Ad-Hoc|iPhone
		{F3AA1C4B-B69F-42E9-9C9B-C4B984A22459}.Ad-Hoc|iPhone.ActiveCfg = Ad-Hoc|iPhone
		{F3AA1C4B-B69F-42E9-9C9B-C4B984A22459}.Ad-Hoc|iPhone.Build.0 = Ad-Hoc|iPhone
		{F3AA1C4B-B69F-42E9-9C9B-C4B984A22459}.Ad-Hoc|iPhoneSimulator.ActiveCfg = Ad-Hoc|iPhoneSimulator
		{F3AA1C4B-B69F-42E9-9C9B-C4B984A22459}.Ad-Hoc|iPhoneSimulator.Build.0 = Ad-Hoc|iPhoneSimulator
		{F3AA1C4B-B69F-42E9-9C9B-C4B984A22459}.AppStore|Any CPU.ActiveCfg = AppStore|iPhone
		{F3AA1C4B-B69F-42E9-9C9B-C4B984A22459}.AppStore|iPhone.ActiveCfg = AppStore|iPhone
		{F3AA1C4B-B69F-42E9-9C9B-C4B984A22459}.AppStore|iPhone.Build.0 = AppStore|iPhone
		{F3AA1C4B-B69F-42E9-9C9B-C4B984A22459}.AppStore|iPhoneSimulator.ActiveCfg = AppStore|iPhoneSimulator
		{F3AA1C4B-B69F-42E9-9C9B-C4B984A22459}.AppStore|iPhoneSimulator.Build.0 = AppStore|iPhoneSimulator
		{F3AA1C4B-B69F-42E9-9C9B-C4B984A22459}.Debug|Any CPU.ActiveCfg = Debug|iPhone
		{F3AA1C4B-B69F-42E9-9C9B-C4B984A22459}.Debug|iPhone.ActiveCfg = Debug|iPhone
		{F3AA1C4B-B69F-42E9-9C9B-C4B984A22459}.Debug|iPhone.Build.0 = Debug|iPhone
		{F3AA1C4B-B69F-42E9-9C9B-C4B984A22459}.Debug|iPhoneSimulator.ActiveCfg = Debug|iPhoneSimulator
		{F3AA1C4B-B69F-42E9-9C9B-C4B984A22459}.Debug|iPhoneSimulator.Build.0 = Debug|iPhoneSimulator
		{F3AA1C4B-B69F-42E9-9C9B-C4B984A22459}.Release|Any CPU.ActiveCfg = Release|iPhone
		{F3AA1C4B-B69F-42E9-9C9B-C4B984A22459}.Release|iPhone.ActiveCfg = Release|iPhone
		{F3AA1C4B-B69F-42E9-9C9B-C4B984A22459}.Release|iPhone.Build.0 = Release|iPhone
		{F3AA1C4B-B69F-42E9-9C9B-C4B984A22459}.Release|iPhoneSimulator.ActiveCfg = Release|iPhoneSimulator
		{F3AA1C4B-B69F-42E9-9C9B-C4B984A22459}.Release|iPhoneSimulator.Build.0 = Release|iPhoneSimulator
	EndGlobalSection
	GlobalSection(SolutionProperties) = preSolution
		HideSolutionNode = FALSE
	EndGlobalSection
EndGlobal
